#MicroXplorer Configuration settings - do not modify
CORTEX_M7.CPU_ICache=Disabled
CORTEX_M7.IPParameters=CPU_ICache
Dma.Request0=SAI2_A
Dma.Request1=SAI2_B
Dma.RequestsNb=2
Dma.SAI2_A.0.Direction=DMA_PERIPH_TO_MEMORY
Dma.SAI2_A.0.EventEnable=DISABLE
Dma.SAI2_A.0.FIFOMode=DMA_FIFOMODE_DISABLE
Dma.SAI2_A.0.Instance=DMA1_Stream0
Dma.SAI2_A.0.MemDataAlignment=DMA_MDATAALIGN_BYTE
Dma.SAI2_A.0.MemInc=DMA_MINC_ENABLE
Dma.SAI2_A.0.Mode=DMA_CIRCULAR
Dma.SAI2_A.0.PeriphDataAlignment=DMA_PDATAALIGN_BYTE
Dma.SAI2_A.0.PeriphInc=DMA_PINC_DISABLE
Dma.SAI2_A.0.Polarity=HAL_DMAMUX_REQ_GEN_RISING
Dma.SAI2_A.0.Priority=DMA_PRIORITY_HIGH
Dma.SAI2_A.0.RequestNumber=1
Dma.SAI2_A.0.RequestParameters=Instance,Direction,PeriphInc,MemInc,PeriphDataAlignment,MemDataAlignment,Mode,Priority,FIFOMode,SignalID,Polarity,RequestNumber,SyncSignalID,SyncPolarity,SyncEnable,EventEnable,SyncRequestNumber
Dma.SAI2_A.0.SignalID=HAL_DMAMUX1_REQ_GEN_LPTIM3_OUT
Dma.SAI2_A.0.SyncEnable=DISABLE
Dma.SAI2_A.0.SyncPolarity=HAL_DMAMUX_SYNC_NO_EVENT
Dma.SAI2_A.0.SyncRequestNumber=1
Dma.SAI2_A.0.SyncSignalID=HAL_DMAMUX1_SYNC_LPTIM3_OUT
Dma.SAI2_B.1.Direction=DMA_MEMORY_TO_PERIPH
Dma.SAI2_B.1.EventEnable=DISABLE
Dma.SAI2_B.1.FIFOMode=DMA_FIFOMODE_DISABLE
Dma.SAI2_B.1.Instance=DMA1_Stream1
Dma.SAI2_B.1.MemDataAlignment=DMA_MDATAALIGN_BYTE
Dma.SAI2_B.1.MemInc=DMA_MINC_ENABLE
Dma.SAI2_B.1.Mode=DMA_CIRCULAR
Dma.SAI2_B.1.PeriphDataAlignment=DMA_PDATAALIGN_BYTE
Dma.SAI2_B.1.PeriphInc=DMA_PINC_DISABLE
Dma.SAI2_B.1.Polarity=HAL_DMAMUX_REQ_GEN_RISING
Dma.SAI2_B.1.Priority=DMA_PRIORITY_LOW
Dma.SAI2_B.1.RequestNumber=1
Dma.SAI2_B.1.RequestParameters=Instance,Direction,PeriphInc,MemInc,PeriphDataAlignment,MemDataAlignment,Mode,Priority,FIFOMode,SignalID,Polarity,RequestNumber,SyncSignalID,SyncPolarity,SyncEnable,EventEnable,SyncRequestNumber
Dma.SAI2_B.1.SignalID=HAL_DMAMUX1_REQ_GEN_LPTIM3_OUT
Dma.SAI2_B.1.SyncEnable=DISABLE
Dma.SAI2_B.1.SyncPolarity=HAL_DMAMUX_SYNC_NO_EVENT
Dma.SAI2_B.1.SyncRequestNumber=1
Dma.SAI2_B.1.SyncSignalID=HAL_DMAMUX1_SYNC_LPTIM3_OUT
FMC.CASLatency1=FMC_SDRAM_CAS_LATENCY_3
FMC.ColumnBitsNumber1=FMC_SDRAM_COLUMN_BITS_NUM_10
FMC.ExitSelfRefreshDelay1=9
FMC.IPParameters=CASLatency1,LoadToActiveDelay1,ExitSelfRefreshDelay1,SelfRefreshTime1,RowCycleDelay1,RowCycleDelay2,RPDelay1,RPDelay2,RCDDelay1,ColumnBitsNumber1,SDClockPeriod1,WriteRecoveryTime1,ReadBurst1,ReadBurst2,SDClockPeriod2
FMC.LoadToActiveDelay1=2
FMC.RCDDelay1=8
FMC.RPDelay1=6
FMC.RPDelay2=6
FMC.ReadBurst1=FMC_SDRAM_RBURST_ENABLE
FMC.ReadBurst2=FMC_SDRAM_RBURST_ENABLE
FMC.RowCycleDelay1=2
FMC.RowCycleDelay2=2
FMC.SDClockPeriod1=FMC_SDRAM_CLOCK_PERIOD_2
FMC.SDClockPeriod2=FMC_SDRAM_CLOCK_PERIOD_2
FMC.SelfRefreshTime1=8
FMC.WriteRecoveryTime1=2
File.Version=6
KeepUserPlacement=true
Mcu.Family=STM32H7
Mcu.IP0=CORTEX_M7
Mcu.IP1=DMA
Mcu.IP2=FMC
Mcu.IP3=LPTIM3
Mcu.IP4=LPTIM5
Mcu.IP5=NVIC
Mcu.IP6=RCC
Mcu.IP7=SAI2
Mcu.IP8=SPI5
Mcu.IP9=SYS
Mcu.IPNb=10
Mcu.Name=STM32H743IITx
Mcu.Package=LQFP176
Mcu.Pin0=PC14-OSC32_IN
Mcu.Pin1=PC15-OSC32_OUT
Mcu.Pin10=PF8
Mcu.Pin11=PF9
Mcu.Pin12=PH0-OSC_IN
Mcu.Pin13=PH1-OSC_OUT
Mcu.Pin14=PA0-WKUP
Mcu.Pin15=PA1
Mcu.Pin16=PH2
Mcu.Pin17=PA7
Mcu.Pin18=PC4
Mcu.Pin19=PF11
Mcu.Pin2=PF0
Mcu.Pin20=PF12
Mcu.Pin21=PF13
Mcu.Pin22=PF14
Mcu.Pin23=PF15
Mcu.Pin24=PG0
Mcu.Pin25=PG1
Mcu.Pin26=PE7
Mcu.Pin27=PE8
Mcu.Pin28=PE9
Mcu.Pin29=PE10
Mcu.Pin3=PF1
Mcu.Pin30=PE11
Mcu.Pin31=PE12
Mcu.Pin32=PD9
Mcu.Pin33=PD11
Mcu.Pin34=PD12
Mcu.Pin35=PD13
Mcu.Pin36=PD14
Mcu.Pin37=PD15
Mcu.Pin38=PG2
Mcu.Pin39=PG4
Mcu.Pin4=PF2
Mcu.Pin40=PG5
Mcu.Pin41=PG8
Mcu.Pin42=PA10
Mcu.Pin43=PA12
Mcu.Pin44=PD0
Mcu.Pin45=PD1
Mcu.Pin46=PD6
Mcu.Pin47=PD7
Mcu.Pin48=PG9
Mcu.Pin49=PG15
Mcu.Pin5=PF3
Mcu.Pin50=PE0
Mcu.Pin51=VP_LPTIM3_VS_LPTIM_counterModeInternalClock
Mcu.Pin52=VP_LPTIM5_VS_LPTIM_counterModeInternalClock
Mcu.Pin53=VP_SYS_VS_Systick
Mcu.Pin6=PF4
Mcu.Pin7=PF5
Mcu.Pin8=PF6
Mcu.Pin9=PF7
Mcu.PinsNb=54
Mcu.ThirdPartyNb=0
Mcu.UserConstants=
Mcu.UserName=STM32H743IITx
MxCube.Version=4.25.0
MxDb.Version=DB.4.0.250
NVIC.BusFault_IRQn=true\:0\:0\:false\:false\:true\:false
NVIC.DMA1_Stream0_IRQn=true\:0\:0\:false\:false\:true\:false
NVIC.DMA1_Stream1_IRQn=true\:0\:0\:false\:false\:true\:false
NVIC.DebugMonitor_IRQn=true\:0\:0\:false\:false\:true\:false
NVIC.FMC_IRQn=true\:0\:0\:false\:false\:true\:true
NVIC.HardFault_IRQn=true\:0\:0\:false\:false\:true\:false
NVIC.LPTIM5_IRQn=true\:0\:0\:false\:false\:true\:true
NVIC.MemoryManagement_IRQn=true\:0\:0\:false\:false\:true\:false
NVIC.NonMaskableInt_IRQn=true\:0\:0\:false\:false\:true\:false
NVIC.PendSV_IRQn=true\:0\:0\:false\:false\:true\:false
NVIC.PriorityGroup=NVIC_PRIORITYGROUP_4
NVIC.SAI2_IRQn=true\:0\:0\:false\:false\:true\:true
NVIC.SPI5_IRQn=true\:0\:0\:false\:false\:true\:true
NVIC.SVCall_IRQn=true\:0\:0\:false\:false\:true\:false
NVIC.SysTick_IRQn=true\:0\:0\:false\:false\:true\:false
NVIC.UsageFault_IRQn=true\:0\:0\:false\:false\:true\:false
PA0-WKUP.GPIOParameters=GPIO_Label
PA0-WKUP.GPIO_Label=PAD2
PA0-WKUP.Locked=true
PA0-WKUP.Signal=GPIO_Output
PA1.Locked=true
PA1.Mode=SAI_B_MasterWithClock
PA1.Signal=SAI2_MCLK_B
PA10.GPIOParameters=GPIO_Label
PA10.GPIO_Label=ANA_EN
PA10.Locked=true
PA10.Signal=GPIO_Output
PA12.GPIOParameters=GPIO_Speed
PA12.GPIO_Speed=GPIO_SPEED_FREQ_VERY_HIGH
PA12.Locked=true
PA12.Mode=SAI_B_MasterWithClock
PA12.Signal=SAI2_FS_B
PA7.Locked=true
PA7.Signal=FMC_SDNWE
PC14-OSC32_IN.Mode=LSE-External-Oscillator
PC14-OSC32_IN.Signal=RCC_OSC32_IN
PC15-OSC32_OUT.Mode=LSE-External-Oscillator
PC15-OSC32_OUT.Signal=RCC_OSC32_OUT
PC4.Locked=true
PC4.Mode=SdramChipSelect1_1
PC4.Signal=FMC_SDNE0
PCC.Checker=false
PCC.Line=STM32H7x3
PCC.MCU=STM32H743IITx
PCC.PartNumber=STM32H743IITx
PCC.Seq0=0
PCC.Series=STM32H7
PCC.Temperature=25
PCC.Vdd=3.0
PD0.Signal=FMC_D2_DA2
PD1.Signal=FMC_D3_DA3
PD11.GPIOParameters=GPIO_Speed
PD11.GPIO_Speed=GPIO_SPEED_FREQ_VERY_HIGH
PD11.Mode=SAI_A_Master
PD11.Signal=SAI2_SD_A
PD12.GPIOParameters=GPIO_Speed
PD12.GPIO_Speed=GPIO_SPEED_FREQ_VERY_HIGH
PD12.Mode=SAI_A_Master
PD12.Signal=SAI2_FS_A
PD13.GPIOParameters=GPIO_Speed
PD13.GPIO_Speed=GPIO_SPEED_FREQ_VERY_HIGH
PD13.Mode=SAI_A_Master
PD13.Signal=SAI2_SCK_A
PD14.Signal=FMC_D0_DA0
PD15.Signal=FMC_D1_DA1
PD6.GPIOParameters=GPIO_Label
PD6.GPIO_Label=RED
PD6.Locked=true
PD6.Signal=GPIO_Output
PD7.GPIOParameters=GPIO_Label
PD7.GPIO_Label=GREEN
PD7.Locked=true
PD7.Signal=GPIO_Output
PD9.GPIOParameters=GPIO_Label
PD9.GPIO_Label=CODEC_NRST
PD9.Locked=true
PD9.Signal=GPIO_Output
PE0.GPIOParameters=GPIO_Label
PE0.GPIO_Label=FMC_NBL0
PE0.Locked=true
PE0.Signal=GPIO_Output
PE10.Signal=FMC_D7_DA7
PE11.GPIOParameters=GPIO_Speed
PE11.GPIO_Speed=GPIO_SPEED_FREQ_VERY_HIGH
PE11.Locked=true
PE11.Mode=SAI_B_MasterWithClock
PE11.Signal=SAI2_SD_B
PE12.GPIOParameters=GPIO_Speed
PE12.GPIO_Speed=GPIO_SPEED_FREQ_VERY_HIGH
PE12.Locked=true
PE12.Mode=SAI_B_MasterWithClock
PE12.Signal=SAI2_SCK_B
PE7.Signal=FMC_D4_DA4
PE8.Signal=FMC_D5_DA5
PE9.Signal=FMC_D6_DA6
PF0.Locked=true
PF0.Signal=FMC_A0
PF1.Signal=FMC_A1
PF11.Signal=FMC_SDNRAS
PF12.Signal=FMC_A6
PF13.Signal=FMC_A7
PF14.Signal=FMC_A8
PF15.Signal=FMC_A9
PF2.Signal=FMC_A2
PF3.Signal=FMC_A3
PF4.Signal=FMC_A4
PF5.Signal=FMC_A5
PF6.GPIOParameters=GPIO_Label
PF6.GPIO_Label=SPI5_NSS
PF6.Locked=true
PF6.Signal=GPIO_Output
PF7.Mode=Full_Duplex_Master
PF7.Signal=SPI5_SCK
PF8.Mode=Full_Duplex_Master
PF8.Signal=SPI5_MISO
PF9.Mode=Full_Duplex_Master
PF9.Signal=SPI5_MOSI
PG0.Signal=FMC_A10
PG1.Signal=FMC_A11
PG15.Signal=FMC_SDNCAS
PG2.Signal=FMC_A12
PG4.Signal=FMC_A14_BA0
PG5.Signal=FMC_A15_BA1
PG8.Signal=FMC_SDCLK
PG9.GPIOParameters=GPIO_Label
PG9.GPIO_Label=BLUE
PG9.Locked=true
PG9.Signal=GPIO_Output
PH0-OSC_IN.Mode=HSE-External-Oscillator
PH0-OSC_IN.Signal=RCC_OSC_IN
PH1-OSC_OUT.Mode=HSE-External-Oscillator
PH1-OSC_OUT.Signal=RCC_OSC_OUT
PH2.Locked=true
PH2.Mode=SdramChipSelect1_1
PH2.Signal=FMC_SDCKE0
PinOutPanel.RotationAngle=0
ProjectManager.AskForMigrate=true
ProjectManager.BackupPrevious=false
ProjectManager.CompilerOptimize=2
ProjectManager.ComputerToolchain=false
ProjectManager.CoupleFile=false
ProjectManager.CustomerFirmwarePackage=
ProjectManager.DefaultFWLocation=true
ProjectManager.DeletePrevious=true
ProjectManager.DeviceId=STM32H743IITx
ProjectManager.FirmwarePackage=STM32Cube FW_H7 V1.2.0
ProjectManager.FreePins=false
ProjectManager.HalAssertFull=false
ProjectManager.HeapSize=0x200
ProjectManager.KeepUserCode=true
ProjectManager.LastFirmware=true
ProjectManager.LibraryCopy=1
ProjectManager.MainLocation=Src
ProjectManager.PreviousToolchain=SW4STM32
ProjectManager.ProjectBuild=false
ProjectManager.ProjectFileName=Firmware_v0.0.ioc
ProjectManager.ProjectName=Firmware_v0.0
ProjectManager.StackSize=0x400
ProjectManager.TargetToolchain=SW4STM32
ProjectManager.ToolChainLocation=
ProjectManager.UnderRoot=true
ProjectManager.functionlistsort=1-MX_GPIO_Init-GPIO-false-HAL-true,2-MX_DMA_Init-DMA-false-HAL-true,3-SystemClock_Config-RCC-false-HAL-true,4-MX_CORTEX_M7_Init-CORTEX_M7-false-HAL-true,5-MX_FMC_Init-FMC-false-HAL-true,6-MX_SAI2_Init-SAI2-false-HAL-true,7-MX_SPI5_Init-SPI5-false-HAL-true,8-MX_LPTIM5_Init-LPTIM5-false-HAL-true,9-MX_LPTIM3_Init-LPTIM3-false-HAL-true
RCC.ADCFreq_Value=80000000
RCC.AHB12Freq_Value=200000000
RCC.AHB4Freq_Value=200000000
RCC.APB1Freq_Value=100000000
RCC.APB2Freq_Value=100000000
RCC.APB3Freq_Value=100000000
RCC.APB4Freq_Value=100000000
RCC.AXIClockFreq_Value=200000000
RCC.CECFreq_Value=32000
RCC.CKPERFreq_Value=64000000
RCC.CortexFreq_Value=400000000
RCC.CpuClockFreq_Value=400000000
RCC.D1CPREFreq_Value=400000000
RCC.D1PPRE=RCC_APB3_DIV2
RCC.D2PPRE1=RCC_APB1_DIV2
RCC.D2PPRE2=RCC_APB2_DIV2
RCC.D3PPRE=RCC_APB4_DIV2
RCC.DFSDMACLkFreq_Value=400000000
RCC.DFSDMFreq_Value=100000000
RCC.DIVM1=1
RCC.DIVM2=1
RCC.DIVN1=50
RCC.DIVN2=10
RCC.DIVP1Freq_Value=400000000
RCC.DIVP2Freq_Value=80000000
RCC.DIVP3Freq_Value=32250000
RCC.DIVQ1Freq_Value=400000000
RCC.DIVQ2Freq_Value=80000000
RCC.DIVQ3Freq_Value=32250000
RCC.DIVR1Freq_Value=400000000
RCC.DIVR2Freq_Value=80000000
RCC.DIVR3Freq_Value=32250000
RCC.FDCANFreq_Value=400000000
RCC.FMCFreq_Value=200000000
RCC.FamilyName=M
RCC.HCLK3ClockFreq_Value=200000000
RCC.HCLKFreq_Value=200000000
RCC.HPRE=RCC_HCLK_DIV2
RCC.HRTIMCLockSelection=RCC_HRTIM1CLK_CPUCLK
RCC.HRTIMFreq_Value=400000000
RCC.HSE_VALUE=16000000
RCC.I2C123Freq_Value=100000000
RCC.I2C4Freq_Value=100000000
RCC.IPParameters=ADCFreq_Value,AHB12Freq_Value,AHB4Freq_Value,APB1Freq_Value,APB2Freq_Value,APB3Freq_Value,APB4Freq_Value,AXIClockFreq_Value,CECFreq_Value,CKPERFreq_Value,CortexFreq_Value,CpuClockFreq_Value,D1CPREFreq_Value,D1PPRE,D2PPRE1,D2PPRE2,D3PPRE,DFSDMACLkFreq_Value,DFSDMFreq_Value,DIVM1,DIVM2,DIVN1,DIVN2,DIVP1Freq_Value,DIVP2Freq_Value,DIVP3Freq_Value,DIVQ1Freq_Value,DIVQ2Freq_Value,DIVQ3Freq_Value,DIVR1Freq_Value,DIVR2Freq_Value,DIVR3Freq_Value,FDCANFreq_Value,FMCFreq_Value,FamilyName,HCLK3ClockFreq_Value,HCLKFreq_Value,HPRE,HRTIMCLockSelection,HRTIMFreq_Value,HSE_VALUE,I2C123Freq_Value,I2C4Freq_Value,LPTIM1Freq_Value,LPTIM2Freq_Value,LPTIM345Freq_Value,LPUART1Freq_Value,LTDCFreq_Value,MCO1PinFreq_Value,MCO2PinFreq_Value,PLLSourceVirtual,QSPIFreq_Value,RNGFreq_Value,RTCFreq_Value,SAI1Freq_Value,SAI23Freq_Value,SAI4AFreq_Value,SAI4BFreq_Value,SDMMCFreq_Value,SPDIFRXFreq_Value,SPI123Freq_Value,SPI45Freq_Value,SPI6Freq_Value,SWPMI1Freq_Value,SYSCLKFreq_VALUE,SYSCLKSource,Spi45ClockSelection,Tim1Mul,Tim1OutputFreq_Value,Tim2OutputFreq_Value,USART16Freq_Value,USART234578Freq_Value,USBFreq_Value,VCO1OutputFreq_Value,VCO2OutputFreq_Value,VCO3OutputFreq_Value,VCOInput1Freq_Value,VCOInput2Freq_Value,VCOInput3Freq_Value
RCC.LPTIM1Freq_Value=100000000
RCC.LPTIM2Freq_Value=100000000
RCC.LPTIM345Freq_Value=100000000
RCC.LPUART1Freq_Value=100000000
RCC.LTDCFreq_Value=32250000
RCC.MCO1PinFreq_Value=64000000
RCC.MCO2PinFreq_Value=400000000
RCC.PLLSourceVirtual=RCC_PLLSOURCE_HSE
RCC.QSPIFreq_Value=200000000
RCC.RNGFreq_Value=48000000
RCC.RTCFreq_Value=32000
RCC.SAI1Freq_Value=400000000
RCC.SAI23Freq_Value=400000000
RCC.SAI4AFreq_Value=400000000
RCC.SAI4BFreq_Value=400000000
RCC.SDMMCFreq_Value=400000000
RCC.SPDIFRXFreq_Value=400000000
RCC.SPI123Freq_Value=400000000
RCC.SPI45Freq_Value=16000000
RCC.SPI6Freq_Value=100000000
RCC.SWPMI1Freq_Value=100000000
RCC.SYSCLKFreq_VALUE=400000000
RCC.SYSCLKSource=RCC_SYSCLKSOURCE_PLLCLK
RCC.Spi45ClockSelection=RCC_SPI45CLKSOURCE_HSE
RCC.Tim1Mul=1
RCC.Tim1OutputFreq_Value=100000000
RCC.Tim2OutputFreq_Value=200000000
RCC.USART16Freq_Value=100000000
RCC.USART234578Freq_Value=100000000
RCC.USBFreq_Value=400000000
RCC.VCO1OutputFreq_Value=800000000
RCC.VCO2OutputFreq_Value=160000000
RCC.VCO3OutputFreq_Value=64500000
RCC.VCOInput1Freq_Value=16000000
RCC.VCOInput2Freq_Value=16000000
RCC.VCOInput3Freq_Value=500000
SAI2.ActiveFrameLength-SAI_A_Master=1
SAI2.AudioFrequency-SAI_A_Master=SAI_AUDIO_FREQUENCY_96K
SAI2.AudioFrequency-SAI_B_MasterWithClock=SAI_AUDIO_FREQUENCY_96K
SAI2.AudioMode-SAI_A_Master=SAI_MODEMASTER_RX
SAI2.ClockStrobing-SAI_A_Master=SAI_CLOCKSTROBING_FALLINGEDGE
SAI2.ClockStrobing-SAI_B_MasterWithClock=SAI_CLOCKSTROBING_RISINGEDGE
SAI2.DataSize-SAI_A_Master=SAI_DATASIZE_32
SAI2.DataSize-SAI_B_MasterWithClock=SAI_DATASIZE_32
SAI2.ErrorAudioFreq-SAI_A_Master=1.72 %
SAI2.ErrorAudioFreq-SAI_B_MasterWithClock=1.72 %
SAI2.FIFOThreshold-SAI_A_Master=SAI_FIFOTHRESHOLD_EMPTY
SAI2.FIFOThreshold-SAI_B_MasterWithClock=SAI_FIFOTHRESHOLD_FULL
SAI2.FSPolarity-SAI_A_Master=SAI_FS_ACTIVE_HIGH
SAI2.FSPolarity-SAI_B_MasterWithClock=SAI_FS_ACTIVE_HIGH
SAI2.FrameLength-SAI_A_Master=256
SAI2.FrameLength-SAI_B_MasterWithClock=256
SAI2.IPParameters=Instance-SAI_A_Master,VirtualMode-SAI_A_Master,Synchro-SAI_A_Master,MClockEnable-SAI_A_Master,RealAudioFreq-SAI_A_Master,ErrorAudioFreq-SAI_A_Master,AudioMode-SAI_A_Master,SlotNumber-SAI_A_Master,FrameLength-SAI_A_Master,ActiveFrameLength-SAI_A_Master,AudioFrequency-SAI_A_Master,ClockStrobing-SAI_A_Master,OutputDrive-SAI_A_Master,FSPolarity-SAI_A_Master,FIFOThreshold-SAI_A_Master,VirtualSlotActive-SAI_A_Master,SlotSize-SAI_A_Master,VirtualSlotActive0-SAI_A_Master,MonoStereoMode-SAI_A_Master,SlotActive-SAI_A_Master,VirtualSlotActive1-SAI_A_Master,VirtualSlotActive2-SAI_A_Master,VirtualSlotActive3-SAI_A_Master,VirtualSlotActive4-SAI_A_Master,VirtualSlotActive5-SAI_A_Master,DataSize-SAI_A_Master,VirtualSlotActive6-SAI_A_Master,VirtualSlotActive7-SAI_A_Master,Instance-SAI_B_MasterWithClock,VirtualMode-SAI_B_MasterWithClock,Synchro-SAI_B_MasterWithClock,MClockEnable-SAI_B_MasterWithClock,RealAudioFreq-SAI_B_MasterWithClock,ErrorAudioFreq-SAI_B_MasterWithClock,FrameLength-SAI_B_MasterWithClock,DataSize-SAI_B_MasterWithClock,FSPolarity-SAI_B_MasterWithClock,SlotNumber-SAI_B_MasterWithClock,VirtualSlotActive-SAI_B_MasterWithClock,VirtualSlotActive0-SAI_B_MasterWithClock,SlotActive-SAI_B_MasterWithClock,VirtualSlotActive1-SAI_B_MasterWithClock,VirtualSlotActive2-SAI_B_MasterWithClock,VirtualSlotActive3-SAI_B_MasterWithClock,VirtualSlotActive4-SAI_B_MasterWithClock,VirtualSlotActive5-SAI_B_MasterWithClock,VirtualSlotActive6-SAI_B_MasterWithClock,VirtualSlotActive7-SAI_B_MasterWithClock,AudioFrequency-SAI_B_MasterWithClock,ClockStrobing-SAI_B_MasterWithClock,FIFOThreshold-SAI_B_MasterWithClock,OutputDrive-SAI_B_MasterWithClock
SAI2.Instance-SAI_A_Master=SAI$Index_Block_A
SAI2.Instance-SAI_B_MasterWithClock=SAI$Index_Block_B
SAI2.MClockEnable-SAI_A_Master=SAI_MASTERCLOCK_DISABLE
SAI2.MClockEnable-SAI_B_MasterWithClock=SAI_MASTERCLOCK_ENABLE
SAI2.MonoStereoMode-SAI_A_Master=SAI_STEREOMODE
SAI2.OutputDrive-SAI_A_Master=SAI_OUTPUTDRIVE_ENABLE
SAI2.OutputDrive-SAI_B_MasterWithClock=SAI_OUTPUTDRIVE_ENABLE
SAI2.RealAudioFreq-SAI_A_Master=97.656 KHz
SAI2.RealAudioFreq-SAI_B_MasterWithClock=97.656 KHz
SAI2.SlotActive-SAI_A_Master=0x000000FF
SAI2.SlotActive-SAI_B_MasterWithClock=0x000000FF
SAI2.SlotNumber-SAI_A_Master=8
SAI2.SlotNumber-SAI_B_MasterWithClock=8
SAI2.SlotSize-SAI_A_Master=SAI_SLOTSIZE_DATASIZE
SAI2.Synchro-SAI_A_Master=SAI_ASYNCHRONOUS
SAI2.Synchro-SAI_B_MasterWithClock=SAI_ASYNCHRONOUS
SAI2.VirtualMode-SAI_A_Master=VM_MASTER
SAI2.VirtualMode-SAI_B_MasterWithClock=VM_MASTER
SAI2.VirtualSlotActive-SAI_A_Master=SAI_SLOT_USERSETTING
SAI2.VirtualSlotActive-SAI_B_MasterWithClock=SAI_SLOT_USERSETTING
SAI2.VirtualSlotActive0-SAI_A_Master=true
SAI2.VirtualSlotActive0-SAI_B_MasterWithClock=true
SAI2.VirtualSlotActive1-SAI_A_Master=true
SAI2.VirtualSlotActive1-SAI_B_MasterWithClock=true
SAI2.VirtualSlotActive2-SAI_A_Master=true
SAI2.VirtualSlotActive2-SAI_B_MasterWithClock=true
SAI2.VirtualSlotActive3-SAI_A_Master=true
SAI2.VirtualSlotActive3-SAI_B_MasterWithClock=true
SAI2.VirtualSlotActive4-SAI_A_Master=true
SAI2.VirtualSlotActive4-SAI_B_MasterWithClock=true
SAI2.VirtualSlotActive5-SAI_A_Master=true
SAI2.VirtualSlotActive5-SAI_B_MasterWithClock=true
SAI2.VirtualSlotActive6-SAI_A_Master=true
SAI2.VirtualSlotActive6-SAI_B_MasterWithClock=true
SAI2.VirtualSlotActive7-SAI_A_Master=true
SAI2.VirtualSlotActive7-SAI_B_MasterWithClock=true
SH.FMC_A0.0=FMC_A0,13b-sda1
SH.FMC_A0.ConfNb=1
SH.FMC_A1.0=FMC_A1,13b-sda1
SH.FMC_A1.ConfNb=1
SH.FMC_A10.0=FMC_A10,13b-sda1
SH.FMC_A10.ConfNb=1
SH.FMC_A11.0=FMC_A11,13b-sda1
SH.FMC_A11.ConfNb=1
SH.FMC_A12.0=FMC_A12,13b-sda1
SH.FMC_A12.ConfNb=1
SH.FMC_A14_BA0.0=FMC_BA0,FourSdramBanks1
SH.FMC_A14_BA0.ConfNb=1
SH.FMC_A15_BA1.0=FMC_BA1,FourSdramBanks1
SH.FMC_A15_BA1.ConfNb=1
SH.FMC_A2.0=FMC_A2,13b-sda1
SH.FMC_A2.ConfNb=1
SH.FMC_A3.0=FMC_A3,13b-sda1
SH.FMC_A3.ConfNb=1
SH.FMC_A4.0=FMC_A4,13b-sda1
SH.FMC_A4.ConfNb=1
SH.FMC_A5.0=FMC_A5,13b-sda1
SH.FMC_A5.ConfNb=1
SH.FMC_A6.0=FMC_A6,13b-sda1
SH.FMC_A6.ConfNb=1
SH.FMC_A7.0=FMC_A7,13b-sda1
SH.FMC_A7.ConfNb=1
SH.FMC_A8.0=FMC_A8,13b-sda1
SH.FMC_A8.ConfNb=1
SH.FMC_A9.0=FMC_A9,13b-sda1
SH.FMC_A9.ConfNb=1
SH.FMC_D0_DA0.0=FMC_D0,sd-8b-d1
SH.FMC_D0_DA0.ConfNb=1
SH.FMC_D1_DA1.0=FMC_D1,sd-8b-d1
SH.FMC_D1_DA1.ConfNb=1
SH.FMC_D2_DA2.0=FMC_D2,sd-8b-d1
SH.FMC_D2_DA2.ConfNb=1
SH.FMC_D3_DA3.0=FMC_D3,sd-8b-d1
SH.FMC_D3_DA3.ConfNb=1
SH.FMC_D4_DA4.0=FMC_D4,sd-8b-d1
SH.FMC_D4_DA4.ConfNb=1
SH.FMC_D5_DA5.0=FMC_D5,sd-8b-d1
SH.FMC_D5_DA5.ConfNb=1
SH.FMC_D6_DA6.0=FMC_D6,sd-8b-d1
SH.FMC_D6_DA6.ConfNb=1
SH.FMC_D7_DA7.0=FMC_D7,sd-8b-d1
SH.FMC_D7_DA7.ConfNb=1
SH.FMC_SDCLK.0=FMC_SDCLK,13b-sda1
SH.FMC_SDCLK.ConfNb=1
SH.FMC_SDNCAS.0=FMC_SDNCAS,13b-sda1
SH.FMC_SDNCAS.ConfNb=1
SH.FMC_SDNRAS.0=FMC_SDNRAS,13b-sda1
SH.FMC_SDNRAS.ConfNb=1
SH.FMC_SDNWE.0=FMC_SDNWE,13b-sda1
SH.FMC_SDNWE.ConfNb=1
SPI5.BaudRatePrescaler=SPI_BAUDRATEPRESCALER_4
SPI5.CLKPhase=SPI_PHASE_2EDGE
SPI5.CLKPolarity=SPI_POLARITY_LOW
SPI5.CalculateBaudRate=4.0 MBits/s
SPI5.DataSize=SPI_DATASIZE_8BIT
SPI5.Direction=SPI_DIRECTION_2LINES
SPI5.FifoThreshold=SPI_FIFO_THRESHOLD_08DATA
SPI5.FirstBit=SPI_FIRSTBIT_MSB
SPI5.IPParameters=VirtualType,Mode,Direction,CalculateBaudRate,BaudRatePrescaler,DataSize,FifoThreshold,FirstBit,CLKPolarity,CLKPhase
SPI5.Mode=SPI_MODE_MASTER
SPI5.VirtualType=VM_MASTER
VP_LPTIM3_VS_LPTIM_counterModeInternalClock.Mode=Counts__internal_clock_event_00
VP_LPTIM3_VS_LPTIM_counterModeInternalClock.Signal=LPTIM3_VS_LPTIM_counterModeInternalClock
VP_LPTIM5_VS_LPTIM_counterModeInternalClock.Mode=Counts__internal_clock_event_00
VP_LPTIM5_VS_LPTIM_counterModeInternalClock.Signal=LPTIM5_VS_LPTIM_counterModeInternalClock
VP_SYS_VS_Systick.Mode=SysTick
VP_SYS_VS_Systick.Signal=SYS_VS_Systick
board=Firmware_v0.0
